{
  "name": "midi-arp",
  "lockfileVersion": 2,
  "requires": true,
  "packages": {
    "": {
      "dependencies": {
        "webmidi": "^2.5.3"
      }
    },
    "node_modules/webmidi": {
      "version": "2.5.3",
      "resolved": "https://registry.npmjs.org/webmidi/-/webmidi-2.5.3.tgz",
      "integrity": "sha512-PyMGvKcDGpvbQUfnmBORQJciyG3VAZ4aHlGy1iRZ3uEs4kG4HCvI7KRthUpM1vuHDPL98lidRIUaoRomkJtWtg==",
      "engines": {
        "node": ">0.6.x"
      }
    }
  },
  "dependencies": {
    "webmidi": {
      "version": "2.5.3",
      "resolved": "https://registry.npmjs.org/webmidi/-/webmidi-2.5.3.tgz",
      "integrity": "sha512-PyMGvKcDGpvbQUfnmBORQJciyG3VAZ4aHlGy1iRZ3uEs4kG4HCvI7KRthUpM1vuHDPL98lidRIUaoRomkJtWtg=="
    }
  }
}
